
Microsoft Visual Studio Solution File, Format Version 12.00
# Visual Studio 15
VisualStudioVersion = 15.0.26228.4
MinimumVisualStudioVersion = 10.0.40219.1
Project("{FAE04EC0-301F-11D3-BF4B-00C04F79EFBC}") = "ShortestPaths", "ShortestPaths\ShortestPaths.csproj", "{F0032D46-9F83-429A-8287-9E7DCC96E4CE}"
EndProject
Project("{FAE04EC0-301F-11D3-BF4B-00C04F79EFBC}") = "DataGenerator", "DataGenerator\DataGenerator.csproj", "{003345AE-B913-4BA1-ACBD-D65422A525F0}"
EndProject
Project("{FAE04EC0-301F-11D3-BF4B-00C04F79EFBC}") = "PerformanceTests", "PerformanceTests\PerformanceTests.csproj", "{9C5D8323-FA10-4B8A-B57B-6B56014F6CDB}"
EndProject
Project("{FAE04EC0-301F-11D3-BF4B-00C04F79EFBC}") = "Dijkstra.UI", "Dijkstra.UI\Dijkstra.UI.csproj", "{9DF649CE-3C3E-46B1-8CFE-A813659449D2}"
EndProject
Project("{FAE04EC0-301F-11D3-BF4B-00C04F79EFBC}") = "GamsPaths", "GamsPaths\GamsPaths.csproj", "{2173995A-4E87-481E-B822-3B825FDDA540}"
EndProject
Global
	GlobalSection(SolutionConfigurationPlatforms) = preSolution
		Debug|Any CPU = Debug|Any CPU
		Release|Any CPU = Release|Any CPU
	EndGlobalSection
	GlobalSection(ProjectConfigurationPlatforms) = postSolution
		{F0032D46-9F83-429A-8287-9E7DCC96E4CE}.Debug|Any CPU.ActiveCfg = Debug|Any CPU
		{F0032D46-9F83-429A-8287-9E7DCC96E4CE}.Debug|Any CPU.Build.0 = Debug|Any CPU
		{F0032D46-9F83-429A-8287-9E7DCC96E4CE}.Release|Any CPU.ActiveCfg = Release|Any CPU
		{F0032D46-9F83-429A-8287-9E7DCC96E4CE}.Release|Any CPU.Build.0 = Release|Any CPU
		{003345AE-B913-4BA1-ACBD-D65422A525F0}.Debug|Any CPU.ActiveCfg = Debug|Any CPU
		{003345AE-B913-4BA1-ACBD-D65422A525F0}.Debug|Any CPU.Build.0 = Debug|Any CPU
		{003345AE-B913-4BA1-ACBD-D65422A525F0}.Release|Any CPU.ActiveCfg = Release|Any CPU
		{003345AE-B913-4BA1-ACBD-D65422A525F0}.Release|Any CPU.Build.0 = Release|Any CPU
		{9C5D8323-FA10-4B8A-B57B-6B56014F6CDB}.Debug|Any CPU.ActiveCfg = Debug|Any CPU
		{9C5D8323-FA10-4B8A-B57B-6B56014F6CDB}.Debug|Any CPU.Build.0 = Debug|Any CPU
		{9C5D8323-FA10-4B8A-B57B-6B56014F6CDB}.Release|Any CPU.ActiveCfg = Release|Any CPU
		{9C5D8323-FA10-4B8A-B57B-6B56014F6CDB}.Release|Any CPU.Build.0 = Release|Any CPU
		{9DF649CE-3C3E-46B1-8CFE-A813659449D2}.Debug|Any CPU.ActiveCfg = Debug|Any CPU
		{9DF649CE-3C3E-46B1-8CFE-A813659449D2}.Debug|Any CPU.Build.0 = Debug|Any CPU
		{9DF649CE-3C3E-46B1-8CFE-A813659449D2}.Release|Any CPU.ActiveCfg = Release|Any CPU
		{9DF649CE-3C3E-46B1-8CFE-A813659449D2}.Release|Any CPU.Build.0 = Release|Any CPU
		{2173995A-4E87-481E-B822-3B825FDDA540}.Debug|Any CPU.ActiveCfg = Debug|x64
		{2173995A-4E87-481E-B822-3B825FDDA540}.Debug|Any CPU.Build.0 = Debug|x64
		{2173995A-4E87-481E-B822-3B825FDDA540}.Release|Any CPU.ActiveCfg = Release|x64
		{2173995A-4E87-481E-B822-3B825FDDA540}.Release|Any CPU.Build.0 = Release|x64
	EndGlobalSection
	GlobalSection(SolutionProperties) = preSolution
		HideSolutionNode = FALSE
	EndGlobalSection
	GlobalSection(ExtensibilityGlobals) = postSolution
		SolutionGuid = {841B992A-03E1-4B51-9E7A-1221C301320F}
	EndGlobalSection
EndGlobal
