
Microsoft Visual Studio Solution File, Format Version 12.00
# Visual Studio Version 17
VisualStudioVersion = 17.0.31912.275
MinimumVisualStudioVersion = 10.0.40219.1
Project("{FAE04EC0-301F-11D3-BF4B-00C04F79EFBC}") = "ShortestPaths", "ShortestPaths\ShortestPaths.csproj", "{F0032D46-9F83-429A-8287-9E7DCC96E4CE}"
EndProject
Project("{FAE04EC0-301F-11D3-BF4B-00C04F79EFBC}") = "DataGenerator", "DataGenerator\DataGenerator.csproj", "{003345AE-B913-4BA1-ACBD-D65422A525F0}"
EndProject
Project("{FAE04EC0-301F-11D3-BF4B-00C04F79EFBC}") = "PerformanceTests", "PerformanceTests\PerformanceTests.csproj", "{9C5D8323-FA10-4B8A-B57B-6B56014F6CDB}"
EndProject
Project("{FAE04EC0-301F-11D3-BF4B-00C04F79EFBC}") = "Dijkstra.UI", "Dijkstra.UI\Dijkstra.UI.csproj", "{9DF649CE-3C3E-46B1-8CFE-A813659449D2}"
EndProject
Project("{FAE04EC0-301F-11D3-BF4B-00C04F79EFBC}") = "GamsPaths", "GamsPaths\GamsPaths.csproj", "{2173995A-4E87-481E-B822-3B825FDDA540}"
EndProject
Project("{FAE04EC0-301F-11D3-BF4B-00C04F79EFBC}") = "ShortestPathFileInterface", "ShortestPathFileInterface\ShortestPathFileInterface.csproj", "{1EF85F6C-8B6F-4C15-9B64-12BBF8B2ABCB}"
EndProject
Project("{9A19103F-16F7-4668-BE54-9A1E7A4F7556}") = "YenWeb", "YenWeb\YenWeb.csproj", "{768C94FF-41DD-43DF-888E-297974881A92}"
EndProject
Project("{9A19103F-16F7-4668-BE54-9A1E7A4F7556}") = "ShortestPaths.Algorithms", "ShortestPaths.Algorithms\ShortestPaths.Algorithms.csproj", "{93121D23-30F0-4337-B19C-E93DBD336F95}"
EndProject
Project("{2150E333-8FDC-42A3-9474-1A3956D46DE8}") = "net5", "net5", "{A5FF1BA7-CB05-4855-A8CF-4A485EA2E1EE}"
EndProject
Project("{2150E333-8FDC-42A3-9474-1A3956D46DE8}") = "older", "older", "{92E1161F-90BC-425A-A3E9-1356908FB00D}"
EndProject
Project("{FAE04EC0-301F-11D3-BF4B-00C04F79EFBC}") = "PathGenerator.Web", "PathGenerator.Web\PathGenerator.Web.csproj", "{2B671D1D-F6DD-4D50-89C0-C07823216608}"
EndProject
Global
	GlobalSection(SolutionConfigurationPlatforms) = preSolution
		Debug|Any CPU = Debug|Any CPU
		Debug|x64 = Debug|x64
		Debug|x86 = Debug|x86
		Release|Any CPU = Release|Any CPU
		Release|x64 = Release|x64
		Release|x86 = Release|x86
	EndGlobalSection
	GlobalSection(ProjectConfigurationPlatforms) = postSolution
		{F0032D46-9F83-429A-8287-9E7DCC96E4CE}.Debug|Any CPU.ActiveCfg = Debug|Any CPU
		{F0032D46-9F83-429A-8287-9E7DCC96E4CE}.Debug|Any CPU.Build.0 = Debug|Any CPU
		{F0032D46-9F83-429A-8287-9E7DCC96E4CE}.Debug|x64.ActiveCfg = Debug|x64
		{F0032D46-9F83-429A-8287-9E7DCC96E4CE}.Debug|x64.Build.0 = Debug|x64
		{F0032D46-9F83-429A-8287-9E7DCC96E4CE}.Debug|x86.ActiveCfg = Debug|Any CPU
		{F0032D46-9F83-429A-8287-9E7DCC96E4CE}.Debug|x86.Build.0 = Debug|Any CPU
		{F0032D46-9F83-429A-8287-9E7DCC96E4CE}.Release|Any CPU.ActiveCfg = Release|Any CPU
		{F0032D46-9F83-429A-8287-9E7DCC96E4CE}.Release|Any CPU.Build.0 = Release|Any CPU
		{F0032D46-9F83-429A-8287-9E7DCC96E4CE}.Release|x64.ActiveCfg = Release|Any CPU
		{F0032D46-9F83-429A-8287-9E7DCC96E4CE}.Release|x64.Build.0 = Release|Any CPU
		{F0032D46-9F83-429A-8287-9E7DCC96E4CE}.Release|x86.ActiveCfg = Release|Any CPU
		{F0032D46-9F83-429A-8287-9E7DCC96E4CE}.Release|x86.Build.0 = Release|Any CPU
		{003345AE-B913-4BA1-ACBD-D65422A525F0}.Debug|Any CPU.ActiveCfg = Debug|Any CPU
		{003345AE-B913-4BA1-ACBD-D65422A525F0}.Debug|Any CPU.Build.0 = Debug|Any CPU
		{003345AE-B913-4BA1-ACBD-D65422A525F0}.Debug|x64.ActiveCfg = Debug|x64
		{003345AE-B913-4BA1-ACBD-D65422A525F0}.Debug|x64.Build.0 = Debug|x64
		{003345AE-B913-4BA1-ACBD-D65422A525F0}.Debug|x86.ActiveCfg = Debug|Any CPU
		{003345AE-B913-4BA1-ACBD-D65422A525F0}.Debug|x86.Build.0 = Debug|Any CPU
		{003345AE-B913-4BA1-ACBD-D65422A525F0}.Release|Any CPU.ActiveCfg = Release|Any CPU
		{003345AE-B913-4BA1-ACBD-D65422A525F0}.Release|Any CPU.Build.0 = Release|Any CPU
		{003345AE-B913-4BA1-ACBD-D65422A525F0}.Release|x64.ActiveCfg = Release|Any CPU
		{003345AE-B913-4BA1-ACBD-D65422A525F0}.Release|x64.Build.0 = Release|Any CPU
		{003345AE-B913-4BA1-ACBD-D65422A525F0}.Release|x86.ActiveCfg = Release|Any CPU
		{003345AE-B913-4BA1-ACBD-D65422A525F0}.Release|x86.Build.0 = Release|Any CPU
		{9C5D8323-FA10-4B8A-B57B-6B56014F6CDB}.Debug|Any CPU.ActiveCfg = Debug|Any CPU
		{9C5D8323-FA10-4B8A-B57B-6B56014F6CDB}.Debug|Any CPU.Build.0 = Debug|Any CPU
		{9C5D8323-FA10-4B8A-B57B-6B56014F6CDB}.Debug|x64.ActiveCfg = Debug|x64
		{9C5D8323-FA10-4B8A-B57B-6B56014F6CDB}.Debug|x64.Build.0 = Debug|x64
		{9C5D8323-FA10-4B8A-B57B-6B56014F6CDB}.Debug|x86.ActiveCfg = Debug|Any CPU
		{9C5D8323-FA10-4B8A-B57B-6B56014F6CDB}.Debug|x86.Build.0 = Debug|Any CPU
		{9C5D8323-FA10-4B8A-B57B-6B56014F6CDB}.Release|Any CPU.ActiveCfg = Release|Any CPU
		{9C5D8323-FA10-4B8A-B57B-6B56014F6CDB}.Release|Any CPU.Build.0 = Release|Any CPU
		{9C5D8323-FA10-4B8A-B57B-6B56014F6CDB}.Release|x64.ActiveCfg = Release|Any CPU
		{9C5D8323-FA10-4B8A-B57B-6B56014F6CDB}.Release|x64.Build.0 = Release|Any CPU
		{9C5D8323-FA10-4B8A-B57B-6B56014F6CDB}.Release|x86.ActiveCfg = Release|Any CPU
		{9C5D8323-FA10-4B8A-B57B-6B56014F6CDB}.Release|x86.Build.0 = Release|Any CPU
		{9DF649CE-3C3E-46B1-8CFE-A813659449D2}.Debug|Any CPU.ActiveCfg = Debug|Any CPU
		{9DF649CE-3C3E-46B1-8CFE-A813659449D2}.Debug|Any CPU.Build.0 = Debug|Any CPU
		{9DF649CE-3C3E-46B1-8CFE-A813659449D2}.Debug|x64.ActiveCfg = Debug|x64
		{9DF649CE-3C3E-46B1-8CFE-A813659449D2}.Debug|x64.Build.0 = Debug|x64
		{9DF649CE-3C3E-46B1-8CFE-A813659449D2}.Debug|x86.ActiveCfg = Debug|Any CPU
		{9DF649CE-3C3E-46B1-8CFE-A813659449D2}.Debug|x86.Build.0 = Debug|Any CPU
		{9DF649CE-3C3E-46B1-8CFE-A813659449D2}.Release|Any CPU.ActiveCfg = Release|Any CPU
		{9DF649CE-3C3E-46B1-8CFE-A813659449D2}.Release|Any CPU.Build.0 = Release|Any CPU
		{9DF649CE-3C3E-46B1-8CFE-A813659449D2}.Release|x64.ActiveCfg = Release|Any CPU
		{9DF649CE-3C3E-46B1-8CFE-A813659449D2}.Release|x64.Build.0 = Release|Any CPU
		{9DF649CE-3C3E-46B1-8CFE-A813659449D2}.Release|x86.ActiveCfg = Release|Any CPU
		{9DF649CE-3C3E-46B1-8CFE-A813659449D2}.Release|x86.Build.0 = Release|Any CPU
		{2173995A-4E87-481E-B822-3B825FDDA540}.Debug|Any CPU.ActiveCfg = Debug|Any CPU
		{2173995A-4E87-481E-B822-3B825FDDA540}.Debug|Any CPU.Build.0 = Debug|Any CPU
		{2173995A-4E87-481E-B822-3B825FDDA540}.Debug|x64.ActiveCfg = Debug|x64
		{2173995A-4E87-481E-B822-3B825FDDA540}.Debug|x64.Build.0 = Debug|x64
		{2173995A-4E87-481E-B822-3B825FDDA540}.Debug|x86.ActiveCfg = Debug|Any CPU
		{2173995A-4E87-481E-B822-3B825FDDA540}.Debug|x86.Build.0 = Debug|Any CPU
		{2173995A-4E87-481E-B822-3B825FDDA540}.Release|Any CPU.ActiveCfg = Release|x64
		{2173995A-4E87-481E-B822-3B825FDDA540}.Release|Any CPU.Build.0 = Release|x64
		{2173995A-4E87-481E-B822-3B825FDDA540}.Release|x64.ActiveCfg = Release|x64
		{2173995A-4E87-481E-B822-3B825FDDA540}.Release|x64.Build.0 = Release|x64
		{2173995A-4E87-481E-B822-3B825FDDA540}.Release|x86.ActiveCfg = Release|Any CPU
		{2173995A-4E87-481E-B822-3B825FDDA540}.Release|x86.Build.0 = Release|Any CPU
		{1EF85F6C-8B6F-4C15-9B64-12BBF8B2ABCB}.Debug|Any CPU.ActiveCfg = Debug|Any CPU
		{1EF85F6C-8B6F-4C15-9B64-12BBF8B2ABCB}.Debug|Any CPU.Build.0 = Debug|Any CPU
		{1EF85F6C-8B6F-4C15-9B64-12BBF8B2ABCB}.Debug|x64.ActiveCfg = Debug|x64
		{1EF85F6C-8B6F-4C15-9B64-12BBF8B2ABCB}.Debug|x64.Build.0 = Debug|x64
		{1EF85F6C-8B6F-4C15-9B64-12BBF8B2ABCB}.Debug|x86.ActiveCfg = Debug|Any CPU
		{1EF85F6C-8B6F-4C15-9B64-12BBF8B2ABCB}.Debug|x86.Build.0 = Debug|Any CPU
		{1EF85F6C-8B6F-4C15-9B64-12BBF8B2ABCB}.Release|Any CPU.ActiveCfg = Release|Any CPU
		{1EF85F6C-8B6F-4C15-9B64-12BBF8B2ABCB}.Release|Any CPU.Build.0 = Release|Any CPU
		{1EF85F6C-8B6F-4C15-9B64-12BBF8B2ABCB}.Release|x64.ActiveCfg = Release|Any CPU
		{1EF85F6C-8B6F-4C15-9B64-12BBF8B2ABCB}.Release|x64.Build.0 = Release|Any CPU
		{1EF85F6C-8B6F-4C15-9B64-12BBF8B2ABCB}.Release|x86.ActiveCfg = Release|Any CPU
		{1EF85F6C-8B6F-4C15-9B64-12BBF8B2ABCB}.Release|x86.Build.0 = Release|Any CPU
		{768C94FF-41DD-43DF-888E-297974881A92}.Debug|Any CPU.ActiveCfg = Debug|Any CPU
		{768C94FF-41DD-43DF-888E-297974881A92}.Debug|Any CPU.Build.0 = Debug|Any CPU
		{768C94FF-41DD-43DF-888E-297974881A92}.Debug|x64.ActiveCfg = Debug|x64
		{768C94FF-41DD-43DF-888E-297974881A92}.Debug|x64.Build.0 = Debug|x64
		{768C94FF-41DD-43DF-888E-297974881A92}.Debug|x86.ActiveCfg = Debug|Any CPU
		{768C94FF-41DD-43DF-888E-297974881A92}.Debug|x86.Build.0 = Debug|Any CPU
		{768C94FF-41DD-43DF-888E-297974881A92}.Release|Any CPU.ActiveCfg = Release|Any CPU
		{768C94FF-41DD-43DF-888E-297974881A92}.Release|Any CPU.Build.0 = Release|Any CPU
		{768C94FF-41DD-43DF-888E-297974881A92}.Release|x64.ActiveCfg = Release|Any CPU
		{768C94FF-41DD-43DF-888E-297974881A92}.Release|x64.Build.0 = Release|Any CPU
		{768C94FF-41DD-43DF-888E-297974881A92}.Release|x86.ActiveCfg = Release|Any CPU
		{768C94FF-41DD-43DF-888E-297974881A92}.Release|x86.Build.0 = Release|Any CPU
		{93121D23-30F0-4337-B19C-E93DBD336F95}.Debug|Any CPU.ActiveCfg = Debug|Any CPU
		{93121D23-30F0-4337-B19C-E93DBD336F95}.Debug|Any CPU.Build.0 = Debug|Any CPU
		{93121D23-30F0-4337-B19C-E93DBD336F95}.Debug|x64.ActiveCfg = Debug|x64
		{93121D23-30F0-4337-B19C-E93DBD336F95}.Debug|x64.Build.0 = Debug|x64
		{93121D23-30F0-4337-B19C-E93DBD336F95}.Debug|x86.ActiveCfg = Debug|x86
		{93121D23-30F0-4337-B19C-E93DBD336F95}.Debug|x86.Build.0 = Debug|x86
		{93121D23-30F0-4337-B19C-E93DBD336F95}.Release|Any CPU.ActiveCfg = Release|Any CPU
		{93121D23-30F0-4337-B19C-E93DBD336F95}.Release|Any CPU.Build.0 = Release|Any CPU
		{93121D23-30F0-4337-B19C-E93DBD336F95}.Release|x64.ActiveCfg = Release|x64
		{93121D23-30F0-4337-B19C-E93DBD336F95}.Release|x64.Build.0 = Release|x64
		{93121D23-30F0-4337-B19C-E93DBD336F95}.Release|x86.ActiveCfg = Release|x86
		{93121D23-30F0-4337-B19C-E93DBD336F95}.Release|x86.Build.0 = Release|x86
		{2B671D1D-F6DD-4D50-89C0-C07823216608}.Debug|Any CPU.ActiveCfg = Debug|Any CPU
		{2B671D1D-F6DD-4D50-89C0-C07823216608}.Debug|Any CPU.Build.0 = Debug|Any CPU
		{2B671D1D-F6DD-4D50-89C0-C07823216608}.Debug|x64.ActiveCfg = Debug|x64
		{2B671D1D-F6DD-4D50-89C0-C07823216608}.Debug|x64.Build.0 = Debug|x64
		{2B671D1D-F6DD-4D50-89C0-C07823216608}.Debug|x86.ActiveCfg = Debug|x86
		{2B671D1D-F6DD-4D50-89C0-C07823216608}.Debug|x86.Build.0 = Debug|x86
		{2B671D1D-F6DD-4D50-89C0-C07823216608}.Release|Any CPU.ActiveCfg = Release|Any CPU
		{2B671D1D-F6DD-4D50-89C0-C07823216608}.Release|Any CPU.Build.0 = Release|Any CPU
		{2B671D1D-F6DD-4D50-89C0-C07823216608}.Release|x64.ActiveCfg = Release|x64
		{2B671D1D-F6DD-4D50-89C0-C07823216608}.Release|x64.Build.0 = Release|x64
		{2B671D1D-F6DD-4D50-89C0-C07823216608}.Release|x86.ActiveCfg = Release|x86
		{2B671D1D-F6DD-4D50-89C0-C07823216608}.Release|x86.Build.0 = Release|x86
	EndGlobalSection
	GlobalSection(SolutionProperties) = preSolution
		HideSolutionNode = FALSE
	EndGlobalSection
	GlobalSection(NestedProjects) = preSolution
		{F0032D46-9F83-429A-8287-9E7DCC96E4CE} = {92E1161F-90BC-425A-A3E9-1356908FB00D}
		{003345AE-B913-4BA1-ACBD-D65422A525F0} = {92E1161F-90BC-425A-A3E9-1356908FB00D}
		{9C5D8323-FA10-4B8A-B57B-6B56014F6CDB} = {92E1161F-90BC-425A-A3E9-1356908FB00D}
		{9DF649CE-3C3E-46B1-8CFE-A813659449D2} = {92E1161F-90BC-425A-A3E9-1356908FB00D}
		{2173995A-4E87-481E-B822-3B825FDDA540} = {92E1161F-90BC-425A-A3E9-1356908FB00D}
		{1EF85F6C-8B6F-4C15-9B64-12BBF8B2ABCB} = {92E1161F-90BC-425A-A3E9-1356908FB00D}
		{768C94FF-41DD-43DF-888E-297974881A92} = {92E1161F-90BC-425A-A3E9-1356908FB00D}
		{93121D23-30F0-4337-B19C-E93DBD336F95} = {A5FF1BA7-CB05-4855-A8CF-4A485EA2E1EE}
		{2B671D1D-F6DD-4D50-89C0-C07823216608} = {A5FF1BA7-CB05-4855-A8CF-4A485EA2E1EE}
	EndGlobalSection
	GlobalSection(ExtensibilityGlobals) = postSolution
		SolutionGuid = {841B992A-03E1-4B51-9E7A-1221C301320F}
	EndGlobalSection
EndGlobal
